// !$*UTF8*$!
{
	archiveVersion = 1;
	classes = {
	};
	objectVersion = 56;
	objects = {

/* Begin PBXBuildFile section */
		F319BEB82B0B61970029F9C9 /* Title.swift in Sources */ = {isa = PBXBuildFile; fileRef = F319BEB72B0B61970029F9C9 /* Title.swift */; };
		F319BEBA2B0B61B10029F9C9 /* TryADemo.swift in Sources */ = {isa = PBXBuildFile; fileRef = F319BEB92B0B61B10029F9C9 /* TryADemo.swift */; };
		F319BEBC2B0B61FD0029F9C9 /* BlueteethImage.swift in Sources */ = {isa = PBXBuildFile; fileRef = F319BEBB2B0B61FD0029F9C9 /* BlueteethImage.swift */; };
		F319BEBE2B0B62180029F9C9 /* SignIn.swift in Sources */ = {isa = PBXBuildFile; fileRef = F319BEBD2B0B62180029F9C9 /* SignIn.swift */; };
		F319BEC02B0B63090029F9C9 /* LearnMoreButton.swift in Sources */ = {isa = PBXBuildFile; fileRef = F319BEBF2B0B63090029F9C9 /* LearnMoreButton.swift */; };
		F319BEC22B0B63750029F9C9 /* LoginViewModel.swift in Sources */ = {isa = PBXBuildFile; fileRef = F319BEC12B0B63750029F9C9 /* LoginViewModel.swift */; };
		F319BEC42B0B63C70029F9C9 /* LoginModel.swift in Sources */ = {isa = PBXBuildFile; fileRef = F319BEC32B0B63C70029F9C9 /* LoginModel.swift */; };
		F34732FA2AF6526600803BD7 /* ColorScheme.swift in Sources */ = {isa = PBXBuildFile; fileRef = F34732F92AF6526600803BD7 /* ColorScheme.swift */; };
		F34732FE2AF6539700803BD7 /* Colors.swift in Sources */ = {isa = PBXBuildFile; fileRef = F34732FD2AF6539700803BD7 /* Colors.swift */; };
		F35046682B19B2B1001E54D4 /* LearnMore.swift in Sources */ = {isa = PBXBuildFile; fileRef = F35046672B19B2B1001E54D4 /* LearnMore.swift */; };
		F350466A2B1B3939001E54D4 /* NavigationViewModel.swift in Sources */ = {isa = PBXBuildFile; fileRef = F35046692B1B3939001E54D4 /* NavigationViewModel.swift */; };
		F350466D2B1B3D9E001E54D4 /* NavigationViews.swift in Sources */ = {isa = PBXBuildFile; fileRef = F350466C2B1B3D9E001E54D4 /* NavigationViews.swift */; };
		F350466F2B1B4128001E54D4 /* TextContent.swift in Sources */ = {isa = PBXBuildFile; fileRef = F350466E2B1B4128001E54D4 /* TextContent.swift */; };
		F35046712B1B41F1001E54D4 /* BottomButton.swift in Sources */ = {isa = PBXBuildFile; fileRef = F35046702B1B41F1001E54D4 /* BottomButton.swift */; };
		F352F76E2AF55F2C00D5A146 /* LoginView.swift in Sources */ = {isa = PBXBuildFile; fileRef = F352F76D2AF55F2C00D5A146 /* LoginView.swift */; };
		F352F7712AF55FE100D5A146 /* Style.swift in Sources */ = {isa = PBXBuildFile; fileRef = F352F7702AF55FE100D5A146 /* Style.swift */; };
		F352F7732AF560F900D5A146 /* View.swift in Sources */ = {isa = PBXBuildFile; fileRef = F352F7722AF560F900D5A146 /* View.swift */; };
		F35808862B0FAFCF00BA2F43 /* EnvBottomSheet.swift in Sources */ = {isa = PBXBuildFile; fileRef = F35808852B0FAFCF00BA2F43 /* EnvBottomSheet.swift */; };
		F38439B72AF3F1EE00E16D35 /* BlueteethApp.swift in Sources */ = {isa = PBXBuildFile; fileRef = F38439B62AF3F1EE00E16D35 /* BlueteethApp.swift */; };
		F38439B92AF3F1EE00E16D35 /* ContentView.swift in Sources */ = {isa = PBXBuildFile; fileRef = F38439B82AF3F1EE00E16D35 /* ContentView.swift */; };
		F38439BB2AF3F1EF00E16D35 /* Assets.xcassets in Resources */ = {isa = PBXBuildFile; fileRef = F38439BA2AF3F1EF00E16D35 /* Assets.xcassets */; };
		F38439BF2AF3F1EF00E16D35 /* Preview Assets.xcassets in Resources */ = {isa = PBXBuildFile; fileRef = F38439BE2AF3F1EF00E16D35 /* Preview Assets.xcassets */; };
		F38439C92AF3F1EF00E16D35 /* BlueteethTests.swift in Sources */ = {isa = PBXBuildFile; fileRef = F38439C82AF3F1EF00E16D35 /* BlueteethTests.swift */; };
		F38439D32AF3F1EF00E16D35 /* BlueteethUITests.swift in Sources */ = {isa = PBXBuildFile; fileRef = F38439D22AF3F1EF00E16D35 /* BlueteethUITests.swift */; };
		F38439D52AF3F1EF00E16D35 /* BlueteethUITestsLaunchTests.swift in Sources */ = {isa = PBXBuildFile; fileRef = F38439D42AF3F1EF00E16D35 /* BlueteethUITestsLaunchTests.swift */; };
/* End PBXBuildFile section */

/* Begin PBXContainerItemProxy section */
		F38439C52AF3F1EF00E16D35 /* PBXContainerItemProxy */ = {
			isa = PBXContainerItemProxy;
			containerPortal = F38439AB2AF3F1EE00E16D35 /* Project object */;
			proxyType = 1;
			remoteGlobalIDString = F38439B22AF3F1EE00E16D35;
			remoteInfo = Blueteeth;
		};
		F38439CF2AF3F1EF00E16D35 /* PBXContainerItemProxy */ = {
			isa = PBXContainerItemProxy;
			containerPortal = F38439AB2AF3F1EE00E16D35 /* Project object */;
			proxyType = 1;
			remoteGlobalIDString = F38439B22AF3F1EE00E16D35;
			remoteInfo = Blueteeth;
		};
/* End PBXContainerItemProxy section */

/* Begin PBXFileReference section */
		F319BEB72B0B61970029F9C9 /* Title.swift */ = {isa = PBXFileReference; lastKnownFileType = sourcecode.swift; path = Title.swift; sourceTree = "<group>"; };
		F319BEB92B0B61B10029F9C9 /* TryADemo.swift */ = {isa = PBXFileReference; lastKnownFileType = sourcecode.swift; path = TryADemo.swift; sourceTree = "<group>"; };
		F319BEBB2B0B61FD0029F9C9 /* BlueteethImage.swift */ = {isa = PBXFileReference; lastKnownFileType = sourcecode.swift; path = BlueteethImage.swift; sourceTree = "<group>"; };
		F319BEBD2B0B62180029F9C9 /* SignIn.swift */ = {isa = PBXFileReference; lastKnownFileType = sourcecode.swift; path = SignIn.swift; sourceTree = "<group>"; };
		F319BEBF2B0B63090029F9C9 /* LearnMoreButton.swift */ = {isa = PBXFileReference; lastKnownFileType = sourcecode.swift; path = LearnMoreButton.swift; sourceTree = "<group>"; };
		F319BEC12B0B63750029F9C9 /* LoginViewModel.swift */ = {isa = PBXFileReference; lastKnownFileType = sourcecode.swift; path = LoginViewModel.swift; sourceTree = "<group>"; };
		F319BEC32B0B63C70029F9C9 /* LoginModel.swift */ = {isa = PBXFileReference; lastKnownFileType = sourcecode.swift; path = LoginModel.swift; sourceTree = "<group>"; };
		F34732F92AF6526600803BD7 /* ColorScheme.swift */ = {isa = PBXFileReference; lastKnownFileType = sourcecode.swift; path = ColorScheme.swift; sourceTree = "<group>"; };
		F34732FD2AF6539700803BD7 /* Colors.swift */ = {isa = PBXFileReference; lastKnownFileType = sourcecode.swift; path = Colors.swift; sourceTree = "<group>"; };
		F35046672B19B2B1001E54D4 /* LearnMore.swift */ = {isa = PBXFileReference; lastKnownFileType = sourcecode.swift; path = LearnMore.swift; sourceTree = "<group>"; };
		F35046692B1B3939001E54D4 /* NavigationViewModel.swift */ = {isa = PBXFileReference; lastKnownFileType = sourcecode.swift; path = NavigationViewModel.swift; sourceTree = "<group>"; };
		F350466C2B1B3D9E001E54D4 /* NavigationViews.swift */ = {isa = PBXFileReference; lastKnownFileType = sourcecode.swift; path = NavigationViews.swift; sourceTree = "<group>"; };
		F350466E2B1B4128001E54D4 /* TextContent.swift */ = {isa = PBXFileReference; lastKnownFileType = sourcecode.swift; path = TextContent.swift; sourceTree = "<group>"; };
		F35046702B1B41F1001E54D4 /* BottomButton.swift */ = {isa = PBXFileReference; lastKnownFileType = sourcecode.swift; path = BottomButton.swift; sourceTree = "<group>"; };
		F352F76D2AF55F2C00D5A146 /* LoginView.swift */ = {isa = PBXFileReference; lastKnownFileType = sourcecode.swift; path = LoginView.swift; sourceTree = "<group>"; };
		F352F7702AF55FE100D5A146 /* Style.swift */ = {isa = PBXFileReference; lastKnownFileType = sourcecode.swift; path = Style.swift; sourceTree = "<group>"; };
		F352F7722AF560F900D5A146 /* View.swift */ = {isa = PBXFileReference; lastKnownFileType = sourcecode.swift; path = View.swift; sourceTree = "<group>"; };
		F35808852B0FAFCF00BA2F43 /* EnvBottomSheet.swift */ = {isa = PBXFileReference; lastKnownFileType = sourcecode.swift; path = EnvBottomSheet.swift; sourceTree = "<group>"; };
		F38439B32AF3F1EE00E16D35 /* Blueteeth.app */ = {isa = PBXFileReference; explicitFileType = wrapper.application; includeInIndex = 0; path = Blueteeth.app; sourceTree = BUILT_PRODUCTS_DIR; };
		F38439B62AF3F1EE00E16D35 /* BlueteethApp.swift */ = {isa = PBXFileReference; lastKnownFileType = sourcecode.swift; path = BlueteethApp.swift; sourceTree = "<group>"; };
		F38439B82AF3F1EE00E16D35 /* ContentView.swift */ = {isa = PBXFileReference; lastKnownFileType = sourcecode.swift; path = ContentView.swift; sourceTree = "<group>"; };
		F38439BA2AF3F1EF00E16D35 /* Assets.xcassets */ = {isa = PBXFileReference; lastKnownFileType = folder.assetcatalog; path = Assets.xcassets; sourceTree = "<group>"; };
		F38439BC2AF3F1EF00E16D35 /* Blueteeth.entitlements */ = {isa = PBXFileReference; lastKnownFileType = text.plist.entitlements; path = Blueteeth.entitlements; sourceTree = "<group>"; };
		F38439BE2AF3F1EF00E16D35 /* Preview Assets.xcassets */ = {isa = PBXFileReference; lastKnownFileType = folder.assetcatalog; path = "Preview Assets.xcassets"; sourceTree = "<group>"; };
		F38439C42AF3F1EF00E16D35 /* BlueteethTests.xctest */ = {isa = PBXFileReference; explicitFileType = wrapper.cfbundle; includeInIndex = 0; path = BlueteethTests.xctest; sourceTree = BUILT_PRODUCTS_DIR; };
		F38439C82AF3F1EF00E16D35 /* BlueteethTests.swift */ = {isa = PBXFileReference; lastKnownFileType = sourcecode.swift; path = BlueteethTests.swift; sourceTree = "<group>"; };
		F38439CE2AF3F1EF00E16D35 /* BlueteethUITests.xctest */ = {isa = PBXFileReference; explicitFileType = wrapper.cfbundle; includeInIndex = 0; path = BlueteethUITests.xctest; sourceTree = BUILT_PRODUCTS_DIR; };
		F38439D22AF3F1EF00E16D35 /* BlueteethUITests.swift */ = {isa = PBXFileReference; lastKnownFileType = sourcecode.swift; path = BlueteethUITests.swift; sourceTree = "<group>"; };
		F38439D42AF3F1EF00E16D35 /* BlueteethUITestsLaunchTests.swift */ = {isa = PBXFileReference; lastKnownFileType = sourcecode.swift; path = BlueteethUITestsLaunchTests.swift; sourceTree = "<group>"; };
/* End PBXFileReference section */

/* Begin PBXFrameworksBuildPhase section */
		F38439B02AF3F1EE00E16D35 /* Frameworks */ = {
			isa = PBXFrameworksBuildPhase;
			buildActionMask = 2147483647;
			files = (
			);
			runOnlyForDeploymentPostprocessing = 0;
		};
		F38439C12AF3F1EF00E16D35 /* Frameworks */ = {
			isa = PBXFrameworksBuildPhase;
			buildActionMask = 2147483647;
			files = (
			);
			runOnlyForDeploymentPostprocessing = 0;
		};
		F38439CB2AF3F1EF00E16D35 /* Frameworks */ = {
			isa = PBXFrameworksBuildPhase;
			buildActionMask = 2147483647;
			files = (
			);
			runOnlyForDeploymentPostprocessing = 0;
		};
/* End PBXFrameworksBuildPhase section */

/* Begin PBXGroup section */
		F34732F62AF6510A00803BD7 /* Extensions */ = {
			isa = PBXGroup;
			children = (
				F352F7722AF560F900D5A146 /* View.swift */,
				F34732FD2AF6539700803BD7 /* Colors.swift */,
			);
			path = Extensions;
			sourceTree = "<group>";
		};
		F35046652B19B281001E54D4 /* Components */ = {
			isa = PBXGroup;
			children = (
				F35046662B19B296001E54D4 /* LearnMore */,
				F352F76B2AF55F0500D5A146 /* Login */,
			);
			path = Components;
			sourceTree = "<group>";
		};
		F35046662B19B296001E54D4 /* LearnMore */ = {
			isa = PBXGroup;
			children = (
				F35046672B19B2B1001E54D4 /* LearnMore.swift */,
				F350466E2B1B4128001E54D4 /* TextContent.swift */,
				F35046702B1B41F1001E54D4 /* BottomButton.swift */,
			);
			path = LearnMore;
			sourceTree = "<group>";
		};
		F350466B2B1B3CF1001E54D4 /* navigation */ = {
			isa = PBXGroup;
			children = (
				F35046692B1B3939001E54D4 /* NavigationViewModel.swift */,
				F350466C2B1B3D9E001E54D4 /* NavigationViews.swift */,
			);
			path = navigation;
			sourceTree = "<group>";
		};
		F352F76B2AF55F0500D5A146 /* Login */ = {
			isa = PBXGroup;
			children = (
				F352F76C2AF55F1700D5A146 /* View */,
				F319BEC12B0B63750029F9C9 /* LoginViewModel.swift */,
				F319BEC32B0B63C70029F9C9 /* LoginModel.swift */,
			);
			path = Login;
			sourceTree = "<group>";
		};
		F352F76C2AF55F1700D5A146 /* View */ = {
			isa = PBXGroup;
			children = (
				F352F76D2AF55F2C00D5A146 /* LoginView.swift */,
				F319BEB72B0B61970029F9C9 /* Title.swift */,
				F319BEB92B0B61B10029F9C9 /* TryADemo.swift */,
				F319BEBB2B0B61FD0029F9C9 /* BlueteethImage.swift */,
				F319BEBD2B0B62180029F9C9 /* SignIn.swift */,
				F319BEBF2B0B63090029F9C9 /* LearnMoreButton.swift */,
				F35808852B0FAFCF00BA2F43 /* EnvBottomSheet.swift */,
			);
			path = View;
			sourceTree = "<group>";
		};
		F352F76F2AF55FCD00D5A146 /* Common */ = {
			isa = PBXGroup;
			children = (
				F352F7702AF55FE100D5A146 /* Style.swift */,
				F34732F92AF6526600803BD7 /* ColorScheme.swift */,
			);
			path = Common;
			sourceTree = "<group>";
		};
		F38439AA2AF3F1EE00E16D35 = {
			isa = PBXGroup;
			children = (
				F38439B52AF3F1EE00E16D35 /* Blueteeth */,
				F38439C72AF3F1EF00E16D35 /* BlueteethTests */,
				F38439D12AF3F1EF00E16D35 /* BlueteethUITests */,
				F38439B42AF3F1EE00E16D35 /* Products */,
			);
			sourceTree = "<group>";
		};
		F38439B42AF3F1EE00E16D35 /* Products */ = {
			isa = PBXGroup;
			children = (
				F38439B32AF3F1EE00E16D35 /* Blueteeth.app */,
				F38439C42AF3F1EF00E16D35 /* BlueteethTests.xctest */,
				F38439CE2AF3F1EF00E16D35 /* BlueteethUITests.xctest */,
			);
			name = Products;
			sourceTree = "<group>";
		};
		F38439B52AF3F1EE00E16D35 /* Blueteeth */ = {
			isa = PBXGroup;
			children = (
				F350466B2B1B3CF1001E54D4 /* navigation */,
				F35046652B19B281001E54D4 /* Components */,
				F34732F62AF6510A00803BD7 /* Extensions */,
				F352F76F2AF55FCD00D5A146 /* Common */,
				F38439B62AF3F1EE00E16D35 /* BlueteethApp.swift */,
				F38439B82AF3F1EE00E16D35 /* ContentView.swift */,
				F38439BA2AF3F1EF00E16D35 /* Assets.xcassets */,
				F38439BC2AF3F1EF00E16D35 /* Blueteeth.entitlements */,
				F38439BD2AF3F1EF00E16D35 /* Preview Content */,
			);
			path = Blueteeth;
			sourceTree = "<group>";
		};
		F38439BD2AF3F1EF00E16D35 /* Preview Content */ = {
			isa = PBXGroup;
			children = (
				F38439BE2AF3F1EF00E16D35 /* Preview Assets.xcassets */,
			);
			path = "Preview Content";
			sourceTree = "<group>";
		};
		F38439C72AF3F1EF00E16D35 /* BlueteethTests */ = {
			isa = PBXGroup;
			children = (
				F38439C82AF3F1EF00E16D35 /* BlueteethTests.swift */,
			);
			path = BlueteethTests;
			sourceTree = "<group>";
		};
		F38439D12AF3F1EF00E16D35 /* BlueteethUITests */ = {
			isa = PBXGroup;
			children = (
				F38439D22AF3F1EF00E16D35 /* BlueteethUITests.swift */,
				F38439D42AF3F1EF00E16D35 /* BlueteethUITestsLaunchTests.swift */,
			);
			path = BlueteethUITests;
			sourceTree = "<group>";
		};
/* End PBXGroup section */

/* Begin PBXNativeTarget section */
		F38439B22AF3F1EE00E16D35 /* Blueteeth */ = {
			isa = PBXNativeTarget;
			buildConfigurationList = F38439D82AF3F1EF00E16D35 /* Build configuration list for PBXNativeTarget "Blueteeth" */;
			buildPhases = (
				F38439AF2AF3F1EE00E16D35 /* Sources */,
				F38439B02AF3F1EE00E16D35 /* Frameworks */,
				F38439B12AF3F1EE00E16D35 /* Resources */,
			);
			buildRules = (
			);
			dependencies = (
			);
			name = Blueteeth;
			productName = Blueteeth;
			productReference = F38439B32AF3F1EE00E16D35 /* Blueteeth.app */;
			productType = "com.apple.product-type.application";
		};
		F38439C32AF3F1EF00E16D35 /* BlueteethTests */ = {
			isa = PBXNativeTarget;
			buildConfigurationList = F38439DB2AF3F1EF00E16D35 /* Build configuration list for PBXNativeTarget "BlueteethTests" */;
			buildPhases = (
				F38439C02AF3F1EF00E16D35 /* Sources */,
				F38439C12AF3F1EF00E16D35 /* Frameworks */,
				F38439C22AF3F1EF00E16D35 /* Resources */,
			);
			buildRules = (
			);
			dependencies = (
				F38439C62AF3F1EF00E16D35 /* PBXTargetDependency */,
			);
			name = BlueteethTests;
			productName = BlueteethTests;
			productReference = F38439C42AF3F1EF00E16D35 /* BlueteethTests.xctest */;
			productType = "com.apple.product-type.bundle.unit-test";
		};
		F38439CD2AF3F1EF00E16D35 /* BlueteethUITests */ = {
			isa = PBXNativeTarget;
			buildConfigurationList = F38439DE2AF3F1EF00E16D35 /* Build configuration list for PBXNativeTarget "BlueteethUITests" */;
			buildPhases = (
				F38439CA2AF3F1EF00E16D35 /* Sources */,
				F38439CB2AF3F1EF00E16D35 /* Frameworks */,
				F38439CC2AF3F1EF00E16D35 /* Resources */,
			);
			buildRules = (
			);
			dependencies = (
				F38439D02AF3F1EF00E16D35 /* PBXTargetDependency */,
			);
			name = BlueteethUITests;
			productName = BlueteethUITests;
			productReference = F38439CE2AF3F1EF00E16D35 /* BlueteethUITests.xctest */;
			productType = "com.apple.product-type.bundle.ui-testing";
		};
/* End PBXNativeTarget section */

/* Begin PBXProject section */
		F38439AB2AF3F1EE00E16D35 /* Project object */ = {
			isa = PBXProject;
			attributes = {
				BuildIndependentTargetsInParallel = 1;
				LastSwiftUpdateCheck = 1500;
				LastUpgradeCheck = 1500;
				TargetAttributes = {
					F38439B22AF3F1EE00E16D35 = {
						CreatedOnToolsVersion = 15.0.1;
					};
					F38439C32AF3F1EF00E16D35 = {
						CreatedOnToolsVersion = 15.0.1;
						TestTargetID = F38439B22AF3F1EE00E16D35;
					};
					F38439CD2AF3F1EF00E16D35 = {
						CreatedOnToolsVersion = 15.0.1;
						TestTargetID = F38439B22AF3F1EE00E16D35;
					};
				};
			};
			buildConfigurationList = F38439AE2AF3F1EE00E16D35 /* Build configuration list for PBXProject "Blueteeth" */;
			compatibilityVersion = "Xcode 14.0";
			developmentRegion = en;
			hasScannedForEncodings = 0;
			knownRegions = (
				en,
				Base,
			);
			mainGroup = F38439AA2AF3F1EE00E16D35;
			productRefGroup = F38439B42AF3F1EE00E16D35 /* Products */;
			projectDirPath = "";
			projectRoot = "";
			targets = (
				F38439B22AF3F1EE00E16D35 /* Blueteeth */,
				F38439C32AF3F1EF00E16D35 /* BlueteethTests */,
				F38439CD2AF3F1EF00E16D35 /* BlueteethUITests */,
			);
		};
/* End PBXProject section */

/* Begin PBXResourcesBuildPhase section */
		F38439B12AF3F1EE00E16D35 /* Resources */ = {
			isa = PBXResourcesBuildPhase;
			buildActionMask = 2147483647;
			files = (
				F38439BF2AF3F1EF00E16D35 /* Preview Assets.xcassets in Resources */,
				F38439BB2AF3F1EF00E16D35 /* Assets.xcassets in Resources */,
			);
			runOnlyForDeploymentPostprocessing = 0;
		};
		F38439C22AF3F1EF00E16D35 /* Resources */ = {
			isa = PBXResourcesBuildPhase;
			buildActionMask = 2147483647;
			files = (
			);
			runOnlyForDeploymentPostprocessing = 0;
		};
		F38439CC2AF3F1EF00E16D35 /* Resources */ = {
			isa = PBXResourcesBuildPhase;
			buildActionMask = 2147483647;
			files = (
			);
			runOnlyForDeploymentPostprocessing = 0;
		};
/* End PBXResourcesBuildPhase section */

/* Begin PBXSourcesBuildPhase section */
		F38439AF2AF3F1EE00E16D35 /* Sources */ = {
			isa = PBXSourcesBuildPhase;
			buildActionMask = 2147483647;
			files = (
				F350466A2B1B3939001E54D4 /* NavigationViewModel.swift in Sources */,
				F319BEB82B0B61970029F9C9 /* Title.swift in Sources */,
				F319BEC42B0B63C70029F9C9 /* LoginModel.swift in Sources */,
				F35046682B19B2B1001E54D4 /* LearnMore.swift in Sources */,
				F319BEBA2B0B61B10029F9C9 /* TryADemo.swift in Sources */,
				F352F76E2AF55F2C00D5A146 /* LoginView.swift in Sources */,
				F35046712B1B41F1001E54D4 /* BottomButton.swift in Sources */,
				F319BEBE2B0B62180029F9C9 /* SignIn.swift in Sources */,
				F35808862B0FAFCF00BA2F43 /* EnvBottomSheet.swift in Sources */,
				F38439B92AF3F1EE00E16D35 /* ContentView.swift in Sources */,
				F319BEBC2B0B61FD0029F9C9 /* BlueteethImage.swift in Sources */,
				F350466D2B1B3D9E001E54D4 /* NavigationViews.swift in Sources */,
				F38439B72AF3F1EE00E16D35 /* BlueteethApp.swift in Sources */,
				F319BEC02B0B63090029F9C9 /* LearnMoreButton.swift in Sources */,
				F319BEC22B0B63750029F9C9 /* LoginViewModel.swift in Sources */,
				F350466F2B1B4128001E54D4 /* TextContent.swift in Sources */,
				F34732FE2AF6539700803BD7 /* Colors.swift in Sources */,
				F352F7732AF560F900D5A146 /* View.swift in Sources */,
				F34732FA2AF6526600803BD7 /* ColorScheme.swift in Sources */,
				F352F7712AF55FE100D5A146 /* Style.swift in Sources */,
			);
			runOnlyForDeploymentPostprocessing = 0;
		};
		F38439C02AF3F1EF00E16D35 /* Sources */ = {
			isa = PBXSourcesBuildPhase;
			buildActionMask = 2147483647;
			files = (
				F38439C92AF3F1EF00E16D35 /* BlueteethTests.swift in Sources */,
			);
			runOnlyForDeploymentPostprocessing = 0;
		};
		F38439CA2AF3F1EF00E16D35 /* Sources */ = {
			isa = PBXSourcesBuildPhase;
			buildActionMask = 2147483647;
			files = (
				F38439D32AF3F1EF00E16D35 /* BlueteethUITests.swift in Sources */,
				F38439D52AF3F1EF00E16D35 /* BlueteethUITestsLaunchTests.swift in Sources */,
			);
			runOnlyForDeploymentPostprocessing = 0;
		};
/* End PBXSourcesBuildPhase section */

/* Begin PBXTargetDependency section */
		F38439C62AF3F1EF00E16D35 /* PBXTargetDependency */ = {
			isa = PBXTargetDependency;
			target = F38439B22AF3F1EE00E16D35 /* Blueteeth */;
			targetProxy = F38439C52AF3F1EF00E16D35 /* PBXContainerItemProxy */;
		};
		F38439D02AF3F1EF00E16D35 /* PBXTargetDependency */ = {
			isa = PBXTargetDependency;
			target = F38439B22AF3F1EE00E16D35 /* Blueteeth */;
			targetProxy = F38439CF2AF3F1EF00E16D35 /* PBXContainerItemProxy */;
		};
/* End PBXTargetDependency section */

/* Begin XCBuildConfiguration section */
		F38439D62AF3F1EF00E16D35 /* Debug */ = {
			isa = XCBuildConfiguration;
			buildSettings = {
				ALWAYS_SEARCH_USER_PATHS = NO;
				ASSETCATALOG_COMPILER_GENERATE_SWIFT_ASSET_SYMBOL_EXTENSIONS = YES;
				CLANG_ANALYZER_NONNULL = YES;
				CLANG_ANALYZER_NUMBER_OBJECT_CONVERSION = YES_AGGRESSIVE;
				CLANG_CXX_LANGUAGE_STANDARD = "gnu++20";
				CLANG_ENABLE_MODULES = YES;
				CLANG_ENABLE_OBJC_ARC = YES;
				CLANG_ENABLE_OBJC_WEAK = YES;
				CLANG_WARN_BLOCK_CAPTURE_AUTORELEASING = YES;
				CLANG_WARN_BOOL_CONVERSION = YES;
				CLANG_WARN_COMMA = YES;
				CLANG_WARN_CONSTANT_CONVERSION = YES;
				CLANG_WARN_DEPRECATED_OBJC_IMPLEMENTATIONS = YES;
				CLANG_WARN_DIRECT_OBJC_ISA_USAGE = YES_ERROR;
				CLANG_WARN_DOCUMENTATION_COMMENTS = YES;
				CLANG_WARN_EMPTY_BODY = YES;
				CLANG_WARN_ENUM_CONVERSION = YES;
				CLANG_WARN_INFINITE_RECURSION = YES;
				CLANG_WARN_INT_CONVERSION = YES;
				CLANG_WARN_NON_LITERAL_NULL_CONVERSION = YES;
				CLANG_WARN_OBJC_IMPLICIT_RETAIN_SELF = YES;
				CLANG_WARN_OBJC_LITERAL_CONVERSION = YES;
				CLANG_WARN_OBJC_ROOT_CLASS = YES_ERROR;
				CLANG_WARN_QUOTED_INCLUDE_IN_FRAMEWORK_HEADER = YES;
				CLANG_WARN_RANGE_LOOP_ANALYSIS = YES;
				CLANG_WARN_STRICT_PROTOTYPES = YES;
				CLANG_WARN_SUSPICIOUS_MOVE = YES;
				CLANG_WARN_UNGUARDED_AVAILABILITY = YES_AGGRESSIVE;
				CLANG_WARN_UNREACHABLE_CODE = YES;
				CLANG_WARN__DUPLICATE_METHOD_MATCH = YES;
				COPY_PHASE_STRIP = NO;
				DEBUG_INFORMATION_FORMAT = dwarf;
				ENABLE_STRICT_OBJC_MSGSEND = YES;
				ENABLE_TESTABILITY = YES;
				ENABLE_USER_SCRIPT_SANDBOXING = YES;
				GCC_C_LANGUAGE_STANDARD = gnu17;
				GCC_DYNAMIC_NO_PIC = NO;
				GCC_NO_COMMON_BLOCKS = YES;
				GCC_OPTIMIZATION_LEVEL = 0;
				GCC_PREPROCESSOR_DEFINITIONS = (
					"DEBUG=1",
					"$(inherited)",
				);
				GCC_WARN_64_TO_32_BIT_CONVERSION = YES;
				GCC_WARN_ABOUT_RETURN_TYPE = YES_ERROR;
				GCC_WARN_UNDECLARED_SELECTOR = YES;
				GCC_WARN_UNINITIALIZED_AUTOS = YES_AGGRESSIVE;
				GCC_WARN_UNUSED_FUNCTION = YES;
				GCC_WARN_UNUSED_VARIABLE = YES;
				LOCALIZATION_PREFERS_STRING_CATALOGS = YES;
				MTL_ENABLE_DEBUG_INFO = INCLUDE_SOURCE;
				MTL_FAST_MATH = YES;
				ONLY_ACTIVE_ARCH = YES;
				SWIFT_ACTIVE_COMPILATION_CONDITIONS = "DEBUG $(inherited)";
				SWIFT_OPTIMIZATION_LEVEL = "-Onone";
			};
			name = Debug;
		};
		F38439D72AF3F1EF00E16D35 /* Release */ = {
			isa = XCBuildConfiguration;
			buildSettings = {
				ALWAYS_SEARCH_USER_PATHS = NO;
				ASSETCATALOG_COMPILER_GENERATE_SWIFT_ASSET_SYMBOL_EXTENSIONS = YES;
				CLANG_ANALYZER_NONNULL = YES;
				CLANG_ANALYZER_NUMBER_OBJECT_CONVERSION = YES_AGGRESSIVE;
				CLANG_CXX_LANGUAGE_STANDARD = "gnu++20";
				CLANG_ENABLE_MODULES = YES;
				CLANG_ENABLE_OBJC_ARC = YES;
				CLANG_ENABLE_OBJC_WEAK = YES;
				CLANG_WARN_BLOCK_CAPTURE_AUTORELEASING = YES;
				CLANG_WARN_BOOL_CONVERSION = YES;
				CLANG_WARN_COMMA = YES;
				CLANG_WARN_CONSTANT_CONVERSION = YES;
				CLANG_WARN_DEPRECATED_OBJC_IMPLEMENTATIONS = YES;
				CLANG_WARN_DIRECT_OBJC_ISA_USAGE = YES_ERROR;
				CLANG_WARN_DOCUMENTATION_COMMENTS = YES;
				CLANG_WARN_EMPTY_BODY = YES;
				CLANG_WARN_ENUM_CONVERSION = YES;
				CLANG_WARN_INFINITE_RECURSION = YES;
				CLANG_WARN_INT_CONVERSION = YES;
				CLANG_WARN_NON_LITERAL_NULL_CONVERSION = YES;
				CLANG_WARN_OBJC_IMPLICIT_RETAIN_SELF = YES;
				CLANG_WARN_OBJC_LITERAL_CONVERSION = YES;
				CLANG_WARN_OBJC_ROOT_CLASS = YES_ERROR;
				CLANG_WARN_QUOTED_INCLUDE_IN_FRAMEWORK_HEADER = YES;
				CLANG_WARN_RANGE_LOOP_ANALYSIS = YES;
				CLANG_WARN_STRICT_PROTOTYPES = YES;
				CLANG_WARN_SUSPICIOUS_MOVE = YES;
				CLANG_WARN_UNGUARDED_AVAILABILITY = YES_AGGRESSIVE;
				CLANG_WARN_UNREACHABLE_CODE = YES;
				CLANG_WARN__DUPLICATE_METHOD_MATCH = YES;
				COPY_PHASE_STRIP = NO;
				DEBUG_INFORMATION_FORMAT = "dwarf-with-dsym";
				ENABLE_NS_ASSERTIONS = NO;
				ENABLE_STRICT_OBJC_MSGSEND = YES;
				ENABLE_USER_SCRIPT_SANDBOXING = YES;
				GCC_C_LANGUAGE_STANDARD = gnu17;
				GCC_NO_COMMON_BLOCKS = YES;
				GCC_WARN_64_TO_32_BIT_CONVERSION = YES;
				GCC_WARN_ABOUT_RETURN_TYPE = YES_ERROR;
				GCC_WARN_UNDECLARED_SELECTOR = YES;
				GCC_WARN_UNINITIALIZED_AUTOS = YES_AGGRESSIVE;
				GCC_WARN_UNUSED_FUNCTION = YES;
				GCC_WARN_UNUSED_VARIABLE = YES;
				LOCALIZATION_PREFERS_STRING_CATALOGS = YES;
				MTL_ENABLE_DEBUG_INFO = NO;
				MTL_FAST_MATH = YES;
				SWIFT_COMPILATION_MODE = wholemodule;
			};
			name = Release;
		};
		F38439D92AF3F1EF00E16D35 /* Debug */ = {
			isa = XCBuildConfiguration;
			buildSettings = {
				ASSETCATALOG_COMPILER_APPICON_NAME = AppIcon;
				ASSETCATALOG_COMPILER_GLOBAL_ACCENT_COLOR_NAME = AccentColor;
				CODE_SIGN_ENTITLEMENTS = Blueteeth/Blueteeth.entitlements;
				CODE_SIGN_STYLE = Automatic;
				CURRENT_PROJECT_VERSION = 1;
				DEVELOPMENT_ASSET_PATHS = "\"Blueteeth/Preview Content\"";
				DEVELOPMENT_TEAM = FZFWWLXX5J;
				ENABLE_HARDENED_RUNTIME = YES;
				ENABLE_PREVIEWS = YES;
				GENERATE_INFOPLIST_FILE = YES;
				"INFOPLIST_KEY_UIApplicationSceneManifest_Generation[sdk=iphoneos*]" = YES;
				"INFOPLIST_KEY_UIApplicationSceneManifest_Generation[sdk=iphonesimulator*]" = YES;
				"INFOPLIST_KEY_UIApplicationSupportsIndirectInputEvents[sdk=iphoneos*]" = YES;
				"INFOPLIST_KEY_UIApplicationSupportsIndirectInputEvents[sdk=iphonesimulator*]" = YES;
				"INFOPLIST_KEY_UILaunchScreen_Generation[sdk=iphoneos*]" = YES;
				"INFOPLIST_KEY_UILaunchScreen_Generation[sdk=iphonesimulator*]" = YES;
				"INFOPLIST_KEY_UIStatusBarStyle[sdk=iphoneos*]" = UIStatusBarStyleDefault;
				"INFOPLIST_KEY_UIStatusBarStyle[sdk=iphonesimulator*]" = UIStatusBarStyleDefault;
				INFOPLIST_KEY_UISupportedInterfaceOrientations_iPad = "UIInterfaceOrientationPortrait UIInterfaceOrientationPortraitUpsideDown UIInterfaceOrientationLandscapeLeft UIInterfaceOrientationLandscapeRight";
				INFOPLIST_KEY_UISupportedInterfaceOrientations_iPhone = "UIInterfaceOrientationPortrait UIInterfaceOrientationLandscapeLeft UIInterfaceOrientationLandscapeRight";
				IPHONEOS_DEPLOYMENT_TARGET = 17.0;
				LD_RUNPATH_SEARCH_PATHS = "@executable_path/Frameworks";
				"LD_RUNPATH_SEARCH_PATHS[sdk=macosx*]" = "@executable_path/../Frameworks";
				MACOSX_DEPLOYMENT_TARGET = 13.5;
				MARKETING_VERSION = 1.0;
				PRODUCT_BUNDLE_IDENTIFIER = com.learn.Blueteeth;
				PRODUCT_NAME = "$(TARGET_NAME)";
				SDKROOT = auto;
				SUPPORTED_PLATFORMS = "iphoneos iphonesimulator macosx";
				SWIFT_EMIT_LOC_STRINGS = YES;
				SWIFT_VERSION = 5.0;
				TARGETED_DEVICE_FAMILY = "1,2";
			};
			name = Debug;
		};
		F38439DA2AF3F1EF00E16D35 /* Release */ = {
			isa = XCBuildConfiguration;
			buildSettings = {
				ASSETCATALOG_COMPILER_APPICON_NAME = AppIcon;
				ASSETCATALOG_COMPILER_GLOBAL_ACCENT_COLOR_NAME = AccentColor;
				CODE_SIGN_ENTITLEMENTS = Blueteeth/Blueteeth.entitlements;
				CODE_SIGN_STYLE = Automatic;
				CURRENT_PROJECT_VERSION = 1;
				DEVELOPMENT_ASSET_PATHS = "\"Blueteeth/Preview Content\"";
				DEVELOPMENT_TEAM = FZFWWLXX5J;
				ENABLE_HARDENED_RUNTIME = YES;
				ENABLE_PREVIEWS = YES;
				GENERATE_INFOPLIST_FILE = YES;
				"INFOPLIST_KEY_UIApplicationSceneManifest_Generation[sdk=iphoneos*]" = YES;
				"INFOPLIST_KEY_UIApplicationSceneManifest_Generation[sdk=iphonesimulator*]" = YES;
				"INFOPLIST_KEY_UIApplicationSupportsIndirectInputEvents[sdk=iphoneos*]" = YES;
				"INFOPLIST_KEY_UIApplicationSupportsIndirectInputEvents[sdk=iphonesimulator*]" = YES;
				"INFOPLIST_KEY_UILaunchScreen_Generation[sdk=iphoneos*]" = YES;
				"INFOPLIST_KEY_UILaunchScreen_Generation[sdk=iphonesimulator*]" = YES;
				"INFOPLIST_KEY_UIStatusBarStyle[sdk=iphoneos*]" = UIStatusBarStyleDefault;
				"INFOPLIST_KEY_UIStatusBarStyle[sdk=iphonesimulator*]" = UIStatusBarStyleDefault;
				INFOPLIST_KEY_UISupportedInterfaceOrientations_iPad = "UIInterfaceOrientationPortrait UIInterfaceOrientationPortraitUpsideDown UIInterfaceOrientationLandscapeLeft UIInterfaceOrientationLandscapeRight";
				INFOPLIST_KEY_UISupportedInterfaceOrientations_iPhone = "UIInterfaceOrientationPortrait UIInterfaceOrientationLandscapeLeft UIInterfaceOrientationLandscapeRight";
				IPHONEOS_DEPLOYMENT_TARGET = 17.0;
				LD_RUNPATH_SEARCH_PATHS = "@executable_path/Frameworks";
				"LD_RUNPATH_SEARCH_PATHS[sdk=macosx*]" = "@executable_path/../Frameworks";
				MACOSX_DEPLOYMENT_TARGET = 13.5;
				MARKETING_VERSION = 1.0;
				PRODUCT_BUNDLE_IDENTIFIER = com.learn.Blueteeth;
				PRODUCT_NAME = "$(TARGET_NAME)";
				SDKROOT = auto;
				SUPPORTED_PLATFORMS = "iphoneos iphonesimulator macosx";
				SWIFT_EMIT_LOC_STRINGS = YES;
				SWIFT_VERSION = 5.0;
				TARGETED_DEVICE_FAMILY = "1,2";
			};
			name = Release;
		};
		F38439DC2AF3F1EF00E16D35 /* Debug */ = {
			isa = XCBuildConfiguration;
			buildSettings = {
				ALWAYS_EMBED_SWIFT_STANDARD_LIBRARIES = YES;
				BUNDLE_LOADER = "$(TEST_HOST)";
				CODE_SIGN_STYLE = Automatic;
				CURRENT_PROJECT_VERSION = 1;
				DEVELOPMENT_TEAM = FZFWWLXX5J;
				GENERATE_INFOPLIST_FILE = YES;
				IPHONEOS_DEPLOYMENT_TARGET = 17.0;
				MACOSX_DEPLOYMENT_TARGET = 13.5;
				MARKETING_VERSION = 1.0;
				PRODUCT_BUNDLE_IDENTIFIER = com.learn.BlueteethTests;
				PRODUCT_NAME = "$(TARGET_NAME)";
				SDKROOT = auto;
				SUPPORTED_PLATFORMS = "iphoneos iphonesimulator macosx";
				SWIFT_EMIT_LOC_STRINGS = NO;
				SWIFT_VERSION = 5.0;
				TARGETED_DEVICE_FAMILY = "1,2";
				TEST_HOST = "$(BUILT_PRODUCTS_DIR)/Blueteeth.app/$(BUNDLE_EXECUTABLE_FOLDER_PATH)/Blueteeth";
			};
			name = Debug;
		};
		F38439DD2AF3F1EF00E16D35 /* Release */ = {
			isa = XCBuildConfiguration;
			buildSettings = {
				ALWAYS_EMBED_SWIFT_STANDARD_LIBRARIES = YES;
				BUNDLE_LOADER = "$(TEST_HOST)";
				CODE_SIGN_STYLE = Automatic;
				CURRENT_PROJECT_VERSION = 1;
				DEVELOPMENT_TEAM = FZFWWLXX5J;
				GENERATE_INFOPLIST_FILE = YES;
				IPHONEOS_DEPLOYMENT_TARGET = 17.0;
				MACOSX_DEPLOYMENT_TARGET = 13.5;
				MARKETING_VERSION = 1.0;
				PRODUCT_BUNDLE_IDENTIFIER = com.learn.BlueteethTests;
				PRODUCT_NAME = "$(TARGET_NAME)";
				SDKROOT = auto;
				SUPPORTED_PLATFORMS = "iphoneos iphonesimulator macosx";
				SWIFT_EMIT_LOC_STRINGS = NO;
				SWIFT_VERSION = 5.0;
				TARGETED_DEVICE_FAMILY = "1,2";
				TEST_HOST = "$(BUILT_PRODUCTS_DIR)/Blueteeth.app/$(BUNDLE_EXECUTABLE_FOLDER_PATH)/Blueteeth";
			};
			name = Release;
		};
		F38439DF2AF3F1EF00E16D35 /* Debug */ = {
			isa = XCBuildConfiguration;
			buildSettings = {
				ALWAYS_EMBED_SWIFT_STANDARD_LIBRARIES = YES;
				CODE_SIGN_STYLE = Automatic;
				CURRENT_PROJECT_VERSION = 1;
				DEVELOPMENT_TEAM = FZFWWLXX5J;
				GENERATE_INFOPLIST_FILE = YES;
				IPHONEOS_DEPLOYMENT_TARGET = 17.0;
				MACOSX_DEPLOYMENT_TARGET = 13.5;
				MARKETING_VERSION = 1.0;
				PRODUCT_BUNDLE_IDENTIFIER = com.learn.BlueteethUITests;
				PRODUCT_NAME = "$(TARGET_NAME)";
				SDKROOT = auto;
				SUPPORTED_PLATFORMS = "iphoneos iphonesimulator macosx";
				SWIFT_EMIT_LOC_STRINGS = NO;
				SWIFT_VERSION = 5.0;
				TARGETED_DEVICE_FAMILY = "1,2";
				TEST_TARGET_NAME = Blueteeth;
			};
			name = Debug;
		};
		F38439E02AF3F1EF00E16D35 /* Release */ = {
			isa = XCBuildConfiguration;
			buildSettings = {
				ALWAYS_EMBED_SWIFT_STANDARD_LIBRARIES = YES;
				CODE_SIGN_STYLE = Automatic;
				CURRENT_PROJECT_VERSION = 1;
				DEVELOPMENT_TEAM = FZFWWLXX5J;
				GENERATE_INFOPLIST_FILE = YES;
				IPHONEOS_DEPLOYMENT_TARGET = 17.0;
				MACOSX_DEPLOYMENT_TARGET = 13.5;
				MARKETING_VERSION = 1.0;
				PRODUCT_BUNDLE_IDENTIFIER = com.learn.BlueteethUITests;
				PRODUCT_NAME = "$(TARGET_NAME)";
				SDKROOT = auto;
				SUPPORTED_PLATFORMS = "iphoneos iphonesimulator macosx";
				SWIFT_EMIT_LOC_STRINGS = NO;
				SWIFT_VERSION = 5.0;
				TARGETED_DEVICE_FAMILY = "1,2";
				TEST_TARGET_NAME = Blueteeth;
			};
			name = Release;
		};
/* End XCBuildConfiguration section */

/* Begin XCConfigurationList section */
		F38439AE2AF3F1EE00E16D35 /* Build configuration list for PBXProject "Blueteeth" */ = {
			isa = XCConfigurationList;
			buildConfigurations = (
				F38439D62AF3F1EF00E16D35 /* Debug */,
				F38439D72AF3F1EF00E16D35 /* Release */,
			);
			defaultConfigurationIsVisible = 0;
			defaultConfigurationName = Release;
		};
		F38439D82AF3F1EF00E16D35 /* Build configuration list for PBXNativeTarget "Blueteeth" */ = {
			isa = XCConfigurationList;
			buildConfigurations = (
				F38439D92AF3F1EF00E16D35 /* Debug */,
				F38439DA2AF3F1EF00E16D35 /* Release */,
			);
			defaultConfigurationIsVisible = 0;
			defaultConfigurationName = Release;
		};
		F38439DB2AF3F1EF00E16D35 /* Build configuration list for PBXNativeTarget "BlueteethTests" */ = {
			isa = XCConfigurationList;
			buildConfigurations = (
				F38439DC2AF3F1EF00E16D35 /* Debug */,
				F38439DD2AF3F1EF00E16D35 /* Release */,
			);
			defaultConfigurationIsVisible = 0;
			defaultConfigurationName = Release;
		};
		F38439DE2AF3F1EF00E16D35 /* Build configuration list for PBXNativeTarget "BlueteethUITests" */ = {
			isa = XCConfigurationList;
			buildConfigurations = (
				F38439DF2AF3F1EF00E16D35 /* Debug */,
				F38439E02AF3F1EF00E16D35 /* Release */,
			);
			defaultConfigurationIsVisible = 0;
			defaultConfigurationName = Release;
		};
/* End XCConfigurationList section */
	};
	rootObject = F38439AB2AF3F1EE00E16D35 /* Project object */;
}
